# THIS IS AN AUTOGENERATED FILE. DO NOT EDIT THIS FILE DIRECTLY.
# yarn lockfile v1


axios@~0.21.3:
  version "0.21.3"
  resolved "https://registry.yarnpkg.com/axios/-/axios-0.21.3.tgz#f85d9b747f9b66d59ca463605cedf1844872b82e"
  integrity sha512-JtoZ3Ndke/+Iwt5n+BgSli/3idTvpt5OjKyoCmz4LX5+lPiY5l7C1colYezhlxThjNa/NhngCUWZSZFypIFuaA==
  dependencies:
    follow-redirects "^1.14.0"

follow-redirects@^1.14.0:
  version "1.14.7"
  resolved "https://registry.yarnpkg.com/follow-redirects/-/follow-redirects-1.14.7.tgz#2004c02eb9436eee9a21446a6477debf17e81685"
  integrity sha512-+hbxoLbFMbRKDwohX8GkTataGqO6Jb7jGwpAlwgy2bIz25XtRm7KEzJM76R1WiNT5SwZkX4Y75SwBolkpmE7iQ==

lilconfig@~2.0.3:
  version "2.0.3"
  resolved "https://registry.yarnpkg.com/lilconfig/-/lilconfig-2.0.3.tgz#68f3005e921dafbd2a2afb48379986aa6d2579fd"
  integrity sha512-EHKqr/+ZvdKCifpNrJCKxBTgk5XupZA3y/aCPY9mxfgBzmgh93Mt/WqjjQ38oMxXuvDokaKiM3lAgvSH2sjtHg==
